
Microsoft Visual Studio Solution File, Format Version 12.00
# Visual Studio Version 16
VisualStudioVersion = 16.0.30011.22
MinimumVisualStudioVersion = 10.0.40219.1
Project("{FAE04EC0-301F-11D3-BF4B-00C04F79EFBC}") = "CaseStudyBooksAPI", "CaseStudyBooksAPI\CaseStudyBooksAPI.csproj", "{79016791-92B4-42BA-9ED5-8B2CC00C5CBE}"
EndProject
Global
	GlobalSection(SolutionConfigurationPlatforms) = preSolution
		Debug|Any CPU = Debug|Any CPU
		Release|Any CPU = Release|Any CPU
	EndGlobalSection
	GlobalSection(ProjectConfigurationPlatforms) = postSolution
		{79016791-92B4-42BA-9ED5-8B2CC00C5CBE}.Debug|Any CPU.ActiveCfg = Debug|Any CPU
		{79016791-92B4-42BA-9ED5-8B2CC00C5CBE}.Debug|Any CPU.Build.0 = Debug|Any CPU
		{79016791-92B4-42BA-9ED5-8B2CC00C5CBE}.Release|Any CPU.ActiveCfg = Release|Any CPU
		{79016791-92B4-42BA-9ED5-8B2CC00C5CBE}.Release|Any CPU.Build.0 = Release|Any CPU
	EndGlobalSection
	GlobalSection(SolutionProperties) = preSolution
		HideSolutionNode = FALSE
	EndGlobalSection
	GlobalSection(ExtensibilityGlobals) = postSolution
		SolutionGuid = {E36DACCA-F24F-40B5-BC92-90DA1B58EA58}
	EndGlobalSection
EndGlobal
